// !$*UTF8*$!
{
	archiveVersion = 1;
	classes = {
	};
	objectVersion = 56;
	objects = {

/* Begin PBXBuildFile section */
		DDA819C829275E5900AFD33B /* AppDelegate.swift in Sources */ = {isa = PBXBuildFile; fileRef = DDA819C729275E5900AFD33B /* AppDelegate.swift */; };
		DDA819CA29275E5900AFD33B /* SceneDelegate.swift in Sources */ = {isa = PBXBuildFile; fileRef = DDA819C929275E5900AFD33B /* SceneDelegate.swift */; };
		DDA819D129275E5A00AFD33B /* Assets.xcassets in Resources */ = {isa = PBXBuildFile; fileRef = DDA819D029275E5A00AFD33B /* Assets.xcassets */; };
		DDA819D429275E5A00AFD33B /* LaunchScreen.storyboard in Resources */ = {isa = PBXBuildFile; fileRef = DDA819D229275E5A00AFD33B /* LaunchScreen.storyboard */; };
		DDA819E129275EA400AFD33B /* Colors.xcassets in Resources */ = {isa = PBXBuildFile; fileRef = DDA819E029275EA400AFD33B /* Colors.xcassets */; };
/* End PBXBuildFile section */

/* Begin PBXFileReference section */
		DDA819C429275E5900AFD33B /* THUNDER-ELEVEN-iOS.app */ = {isa = PBXFileReference; explicitFileType = wrapper.application; includeInIndex = 0; path = "THUNDER-ELEVEN-iOS.app"; sourceTree = BUILT_PRODUCTS_DIR; };
		DDA819C729275E5900AFD33B /* AppDelegate.swift */ = {isa = PBXFileReference; lastKnownFileType = sourcecode.swift; path = AppDelegate.swift; sourceTree = "<group>"; };
		DDA819C929275E5900AFD33B /* SceneDelegate.swift */ = {isa = PBXFileReference; lastKnownFileType = sourcecode.swift; path = SceneDelegate.swift; sourceTree = "<group>"; };
		DDA819D029275E5A00AFD33B /* Assets.xcassets */ = {isa = PBXFileReference; lastKnownFileType = folder.assetcatalog; path = Assets.xcassets; sourceTree = "<group>"; };
		DDA819D329275E5A00AFD33B /* Base */ = {isa = PBXFileReference; lastKnownFileType = file.storyboard; name = Base; path = Base.lproj/LaunchScreen.storyboard; sourceTree = "<group>"; };
		DDA819D529275E5A00AFD33B /* Info.plist */ = {isa = PBXFileReference; lastKnownFileType = text.plist.xml; path = Info.plist; sourceTree = "<group>"; };
		DDA819E029275EA400AFD33B /* Colors.xcassets */ = {isa = PBXFileReference; lastKnownFileType = folder.assetcatalog; path = Colors.xcassets; sourceTree = "<group>"; };
/* End PBXFileReference section */

/* Begin PBXFrameworksBuildPhase section */
		DDA819C129275E5900AFD33B /* Frameworks */ = {
			isa = PBXFrameworksBuildPhase;
			buildActionMask = 2147483647;
			files = (
			);
			runOnlyForDeploymentPostprocessing = 0;
		};
/* End PBXFrameworksBuildPhase section */

/* Begin PBXGroup section */
		DDA819BB29275E5900AFD33B = {
			isa = PBXGroup;
			children = (
				DDA819C629275E5900AFD33B /* THUNDER-ELEVEN-iOS */,
				DDA819C529275E5900AFD33B /* Products */,
			);
			sourceTree = "<group>";
		};
		DDA819C529275E5900AFD33B /* Products */ = {
			isa = PBXGroup;
			children = (
				DDA819C429275E5900AFD33B /* THUNDER-ELEVEN-iOS.app */,
			);
			name = Products;
			sourceTree = "<group>";
		};
		DDA819C629275E5900AFD33B /* THUNDER-ELEVEN-iOS */ = {
			isa = PBXGroup;
			children = (
				DDA819DC29275E8000AFD33B /* Resource */,
				DDA819DB29275E7700AFD33B /* Source */,
				DDA819D529275E5A00AFD33B /* Info.plist */,
			);
			path = "THUNDER-ELEVEN-iOS";
			sourceTree = "<group>";
		};
		DDA819DB29275E7700AFD33B /* Source */ = {
			isa = PBXGroup;
			children = (
				DDA819E529275EC800AFD33B /* Application */,
				DDA819E429275EC100AFD33B /* Common */,
				DDA819E329275EB600AFD33B /* Presentation */,
				DDA819E229275EAF00AFD33B /* Service */,
			);
			path = Source;
			sourceTree = "<group>";
		};
		DDA819DC29275E8000AFD33B /* Resource */ = {
			isa = PBXGroup;
			children = (
				DDA819DF29275E9400AFD33B /* Assets */,
				DDA819DE29275E8E00AFD33B /* Colors */,
				DDA819DD29275E8500AFD33B /* Storyboards */,
			);
			path = Resource;
			sourceTree = "<group>";
		};
		DDA819DD29275E8500AFD33B /* Storyboards */ = {
			isa = PBXGroup;
			children = (
				DDA819D229275E5A00AFD33B /* LaunchScreen.storyboard */,
			);
			path = Storyboards;
			sourceTree = "<group>";
		};
		DDA819DE29275E8E00AFD33B /* Colors */ = {
			isa = PBXGroup;
			children = (
				DDA819E029275EA400AFD33B /* Colors.xcassets */,
			);
			path = Colors;
			sourceTree = "<group>";
		};
		DDA819DF29275E9400AFD33B /* Assets */ = {
			isa = PBXGroup;
			children = (
				DDA819D029275E5A00AFD33B /* Assets.xcassets */,
			);
			path = Assets;
			sourceTree = "<group>";
		};
		DDA819E229275EAF00AFD33B /* Service */ = {
			isa = PBXGroup;
			children = (
			);
			path = Service;
			sourceTree = "<group>";
		};
		DDA819E329275EB600AFD33B /* Presentation */ = {
			isa = PBXGroup;
			children = (
			);
			path = Presentation;
			sourceTree = "<group>";
		};
		DDA819E429275EC100AFD33B /* Common */ = {
			isa = PBXGroup;
			children = (
			);
			path = Common;
			sourceTree = "<group>";
		};
		DDA819E529275EC800AFD33B /* Application */ = {
			isa = PBXGroup;
			children = (
				DDA819C729275E5900AFD33B /* AppDelegate.swift */,
				DDA819C929275E5900AFD33B /* SceneDelegate.swift */,
			);
			path = Application;
			sourceTree = "<group>";
		};
/* End PBXGroup section */

/* Begin PBXNativeTarget section */
		DDA819C329275E5900AFD33B /* THUNDER-ELEVEN-iOS */ = {
			isa = PBXNativeTarget;
			buildConfigurationList = DDA819D829275E5A00AFD33B /* Build configuration list for PBXNativeTarget "THUNDER-ELEVEN-iOS" */;
			buildPhases = (
				DDA819C029275E5900AFD33B /* Sources */,
				DDA819C129275E5900AFD33B /* Frameworks */,
				DDA819C229275E5900AFD33B /* Resources */,
			);
			buildRules = (
			);
			dependencies = (
			);
			name = "THUNDER-ELEVEN-iOS";
			productName = "THUNDER-ELEVEN-iOS";
			productReference = DDA819C429275E5900AFD33B /* THUNDER-ELEVEN-iOS.app */;
			productType = "com.apple.product-type.application";
		};
/* End PBXNativeTarget section */

/* Begin PBXProject section */
		DDA819BC29275E5900AFD33B /* Project object */ = {
			isa = PBXProject;
			attributes = {
				BuildIndependentTargetsInParallel = 1;
				LastSwiftUpdateCheck = 1400;
				LastUpgradeCheck = 1400;
				TargetAttributes = {
					DDA819C329275E5900AFD33B = {
						CreatedOnToolsVersion = 14.0.1;
					};
				};
			};
			buildConfigurationList = DDA819BF29275E5900AFD33B /* Build configuration list for PBXProject "THUNDER-ELEVEN-iOS" */;
			compatibilityVersion = "Xcode 14.0";
			developmentRegion = en;
			hasScannedForEncodings = 0;
			knownRegions = (
				en,
				Base,
			);
			mainGroup = DDA819BB29275E5900AFD33B;
			productRefGroup = DDA819C529275E5900AFD33B /* Products */;
			projectDirPath = "";
			projectRoot = "";
			targets = (
				DDA819C329275E5900AFD33B /* THUNDER-ELEVEN-iOS */,
			);
		};
/* End PBXProject section */

/* Begin PBXResourcesBuildPhase section */
		DDA819C229275E5900AFD33B /* Resources */ = {
			isa = PBXResourcesBuildPhase;
			buildActionMask = 2147483647;
			files = (
				DDA819E129275EA400AFD33B /* Colors.xcassets in Resources */,
				DDA819D429275E5A00AFD33B /* LaunchScreen.storyboard in Resources */,
				DDA819D129275E5A00AFD33B /* Assets.xcassets in Resources */,
			);
			runOnlyForDeploymentPostprocessing = 0;
		};
/* End PBXResourcesBuildPhase section */

/* Begin PBXSourcesBuildPhase section */
		DDA819C029275E5900AFD33B /* Sources */ = {
			isa = PBXSourcesBuildPhase;
			buildActionMask = 2147483647;
			files = (
				DDA819C829275E5900AFD33B /* AppDelegate.swift in Sources */,
				DDA819CA29275E5900AFD33B /* SceneDelegate.swift in Sources */,
			);
			runOnlyForDeploymentPostprocessing = 0;
		};
/* End PBXSourcesBuildPhase section */

/* Begin PBXVariantGroup section */
		DDA819D229275E5A00AFD33B /* LaunchScreen.storyboard */ = {
			isa = PBXVariantGroup;
			children = (
				DDA819D329275E5A00AFD33B /* Base */,
			);
			name = LaunchScreen.storyboard;
			sourceTree = "<group>";
		};
/* End PBXVariantGroup section */

/* Begin XCBuildConfiguration section */
		DDA819D629275E5A00AFD33B /* Debug */ = {
			isa = XCBuildConfiguration;
			buildSettings = {
				ALWAYS_SEARCH_USER_PATHS = NO;
				CLANG_ANALYZER_NONNULL = YES;
				CLANG_ANALYZER_NUMBER_OBJECT_CONVERSION = YES_AGGRESSIVE;
				CLANG_CXX_LANGUAGE_STANDARD = "gnu++20";
				CLANG_ENABLE_MODULES = YES;
				CLANG_ENABLE_OBJC_ARC = YES;
				CLANG_ENABLE_OBJC_WEAK = YES;
				CLANG_WARN_BLOCK_CAPTURE_AUTORELEASING = YES;
				CLANG_WARN_BOOL_CONVERSION = YES;
				CLANG_WARN_COMMA = YES;
				CLANG_WARN_CONSTANT_CONVERSION = YES;
				CLANG_WARN_DEPRECATED_OBJC_IMPLEMENTATIONS = YES;
				CLANG_WARN_DIRECT_OBJC_ISA_USAGE = YES_ERROR;
				CLANG_WARN_DOCUMENTATION_COMMENTS = YES;
				CLANG_WARN_EMPTY_BODY = YES;
				CLANG_WARN_ENUM_CONVERSION = YES;
				CLANG_WARN_INFINITE_RECURSION = YES;
				CLANG_WARN_INT_CONVERSION = YES;
				CLANG_WARN_NON_LITERAL_NULL_CONVERSION = YES;
				CLANG_WARN_OBJC_IMPLICIT_RETAIN_SELF = YES;
				CLANG_WARN_OBJC_LITERAL_CONVERSION = YES;
				CLANG_WARN_OBJC_ROOT_CLASS = YES_ERROR;
				CLANG_WARN_QUOTED_INCLUDE_IN_FRAMEWORK_HEADER = YES;
				CLANG_WARN_RANGE_LOOP_ANALYSIS = YES;
				CLANG_WARN_STRICT_PROTOTYPES = YES;
				CLANG_WARN_SUSPICIOUS_MOVE = YES;
				CLANG_WARN_UNGUARDED_AVAILABILITY = YES_AGGRESSIVE;
				CLANG_WARN_UNREACHABLE_CODE = YES;
				CLANG_WARN__DUPLICATE_METHOD_MATCH = YES;
				COPY_PHASE_STRIP = NO;
				DEBUG_INFORMATION_FORMAT = dwarf;
				ENABLE_STRICT_OBJC_MSGSEND = YES;
				ENABLE_TESTABILITY = YES;
				GCC_C_LANGUAGE_STANDARD = gnu11;
				GCC_DYNAMIC_NO_PIC = NO;
				GCC_NO_COMMON_BLOCKS = YES;
				GCC_OPTIMIZATION_LEVEL = 0;
				GCC_PREPROCESSOR_DEFINITIONS = (
					"DEBUG=1",
					"$(inherited)",
				);
				GCC_WARN_64_TO_32_BIT_CONVERSION = YES;
				GCC_WARN_ABOUT_RETURN_TYPE = YES_ERROR;
				GCC_WARN_UNDECLARED_SELECTOR = YES;
				GCC_WARN_UNINITIALIZED_AUTOS = YES_AGGRESSIVE;
				GCC_WARN_UNUSED_FUNCTION = YES;
				GCC_WARN_UNUSED_VARIABLE = YES;
				IPHONEOS_DEPLOYMENT_TARGET = 16.0;
				MTL_ENABLE_DEBUG_INFO = INCLUDE_SOURCE;
				MTL_FAST_MATH = YES;
				ONLY_ACTIVE_ARCH = YES;
				SDKROOT = iphoneos;
				SWIFT_ACTIVE_COMPILATION_CONDITIONS = DEBUG;
				SWIFT_OPTIMIZATION_LEVEL = "-Onone";
			};
			name = Debug;
		};
		DDA819D729275E5A00AFD33B /* Release */ = {
			isa = XCBuildConfiguration;
			buildSettings = {
				ALWAYS_SEARCH_USER_PATHS = NO;
				CLANG_ANALYZER_NONNULL = YES;
				CLANG_ANALYZER_NUMBER_OBJECT_CONVERSION = YES_AGGRESSIVE;
				CLANG_CXX_LANGUAGE_STANDARD = "gnu++20";
				CLANG_ENABLE_MODULES = YES;
				CLANG_ENABLE_OBJC_ARC = YES;
				CLANG_ENABLE_OBJC_WEAK = YES;
				CLANG_WARN_BLOCK_CAPTURE_AUTORELEASING = YES;
				CLANG_WARN_BOOL_CONVERSION = YES;
				CLANG_WARN_COMMA = YES;
				CLANG_WARN_CONSTANT_CONVERSION = YES;
				CLANG_WARN_DEPRECATED_OBJC_IMPLEMENTATIONS = YES;
				CLANG_WARN_DIRECT_OBJC_ISA_USAGE = YES_ERROR;
				CLANG_WARN_DOCUMENTATION_COMMENTS = YES;
				CLANG_WARN_EMPTY_BODY = YES;
				CLANG_WARN_ENUM_CONVERSION = YES;
				CLANG_WARN_INFINITE_RECURSION = YES;
				CLANG_WARN_INT_CONVERSION = YES;
				CLANG_WARN_NON_LITERAL_NULL_CONVERSION = YES;
				CLANG_WARN_OBJC_IMPLICIT_RETAIN_SELF = YES;
				CLANG_WARN_OBJC_LITERAL_CONVERSION = YES;
				CLANG_WARN_OBJC_ROOT_CLASS = YES_ERROR;
				CLANG_WARN_QUOTED_INCLUDE_IN_FRAMEWORK_HEADER = YES;
				CLANG_WARN_RANGE_LOOP_ANALYSIS = YES;
				CLANG_WARN_STRICT_PROTOTYPES = YES;
				CLANG_WARN_SUSPICIOUS_MOVE = YES;
				CLANG_WARN_UNGUARDED_AVAILABILITY = YES_AGGRESSIVE;
				CLANG_WARN_UNREACHABLE_CODE = YES;
				CLANG_WARN__DUPLICATE_METHOD_MATCH = YES;
				COPY_PHASE_STRIP = NO;
				DEBUG_INFORMATION_FORMAT = "dwarf-with-dsym";
				ENABLE_NS_ASSERTIONS = NO;
				ENABLE_STRICT_OBJC_MSGSEND = YES;
				GCC_C_LANGUAGE_STANDARD = gnu11;
				GCC_NO_COMMON_BLOCKS = YES;
				GCC_WARN_64_TO_32_BIT_CONVERSION = YES;
				GCC_WARN_ABOUT_RETURN_TYPE = YES_ERROR;
				GCC_WARN_UNDECLARED_SELECTOR = YES;
				GCC_WARN_UNINITIALIZED_AUTOS = YES_AGGRESSIVE;
				GCC_WARN_UNUSED_FUNCTION = YES;
				GCC_WARN_UNUSED_VARIABLE = YES;
				IPHONEOS_DEPLOYMENT_TARGET = 16.0;
				MTL_ENABLE_DEBUG_INFO = NO;
				MTL_FAST_MATH = YES;
				SDKROOT = iphoneos;
				SWIFT_COMPILATION_MODE = wholemodule;
				SWIFT_OPTIMIZATION_LEVEL = "-O";
				VALIDATE_PRODUCT = YES;
			};
			name = Release;
		};
		DDA819D929275E5A00AFD33B /* Debug */ = {
			isa = XCBuildConfiguration;
			buildSettings = {
				ASSETCATALOG_COMPILER_APPICON_NAME = AppIcon;
				ASSETCATALOG_COMPILER_GLOBAL_ACCENT_COLOR_NAME = AccentColor;
				CODE_SIGN_STYLE = Automatic;
				CURRENT_PROJECT_VERSION = 1;
				DEVELOPMENT_TEAM = Z429BM88YZ;
				GENERATE_INFOPLIST_FILE = YES;
				INFOPLIST_FILE = "THUNDER-ELEVEN-iOS/Info.plist";
				INFOPLIST_KEY_UIApplicationSupportsIndirectInputEvents = YES;
				INFOPLIST_KEY_UILaunchStoryboardName = LaunchScreen;
				INFOPLIST_KEY_UISupportedInterfaceOrientations_iPad = "UIInterfaceOrientationPortrait UIInterfaceOrientationPortraitUpsideDown UIInterfaceOrientationLandscapeLeft UIInterfaceOrientationLandscapeRight";
				INFOPLIST_KEY_UISupportedInterfaceOrientations_iPhone = "UIInterfaceOrientationPortrait UIInterfaceOrientationLandscapeLeft UIInterfaceOrientationLandscapeRight";
				LD_RUNPATH_SEARCH_PATHS = (
					"$(inherited)",
					"@executable_path/Frameworks",
				);
				MARKETING_VERSION = 1.0;
				PRODUCT_BUNDLE_IDENTIFIER = "me.jeongkite.THUNDER-ELEVEN-iOS";
				PRODUCT_NAME = "$(TARGET_NAME)";
				SWIFT_EMIT_LOC_STRINGS = YES;
				SWIFT_VERSION = 5.0;
				TARGETED_DEVICE_FAMILY = "1,2";
			};
			name = Debug;
		};
		DDA819DA29275E5A00AFD33B /* Release */ = {
			isa = XCBuildConfiguration;
			buildSettings = {
				ASSETCATALOG_COMPILER_APPICON_NAME = AppIcon;
				ASSETCATALOG_COMPILER_GLOBAL_ACCENT_COLOR_NAME = AccentColor;
				CODE_SIGN_STYLE = Automatic;
				CURRENT_PROJECT_VERSION = 1;
				DEVELOPMENT_TEAM = Z429BM88YZ;
				GENERATE_INFOPLIST_FILE = YES;
				INFOPLIST_FILE = "THUNDER-ELEVEN-iOS/Info.plist";
				INFOPLIST_KEY_UIApplicationSupportsIndirectInputEvents = YES;
				INFOPLIST_KEY_UILaunchStoryboardName = LaunchScreen;
				INFOPLIST_KEY_UISupportedInterfaceOrientations_iPad = "UIInterfaceOrientationPortrait UIInterfaceOrientationPortraitUpsideDown UIInterfaceOrientationLandscapeLeft UIInterfaceOrientationLandscapeRight";
				INFOPLIST_KEY_UISupportedInterfaceOrientations_iPhone = "UIInterfaceOrientationPortrait UIInterfaceOrientationLandscapeLeft UIInterfaceOrientationLandscapeRight";
				LD_RUNPATH_SEARCH_PATHS = (
					"$(inherited)",
					"@executable_path/Frameworks",
				);
				MARKETING_VERSION = 1.0;
				PRODUCT_BUNDLE_IDENTIFIER = "me.jeongkite.THUNDER-ELEVEN-iOS";
				PRODUCT_NAME = "$(TARGET_NAME)";
				SWIFT_EMIT_LOC_STRINGS = YES;
				SWIFT_VERSION = 5.0;
				TARGETED_DEVICE_FAMILY = "1,2";
			};
			name = Release;
		};
/* End XCBuildConfiguration section */

/* Begin XCConfigurationList section */
		DDA819BF29275E5900AFD33B /* Build configuration list for PBXProject "THUNDER-ELEVEN-iOS" */ = {
			isa = XCConfigurationList;
			buildConfigurations = (
				DDA819D629275E5A00AFD33B /* Debug */,
				DDA819D729275E5A00AFD33B /* Release */,
			);
			defaultConfigurationIsVisible = 0;
			defaultConfigurationName = Release;
		};
		DDA819D829275E5A00AFD33B /* Build configuration list for PBXNativeTarget "THUNDER-ELEVEN-iOS" */ = {
			isa = XCConfigurationList;
			buildConfigurations = (
				DDA819D929275E5A00AFD33B /* Debug */,
				DDA819DA29275E5A00AFD33B /* Release */,
			);
			defaultConfigurationIsVisible = 0;
			defaultConfigurationName = Release;
		};
/* End XCConfigurationList section */
	};
	rootObject = DDA819BC29275E5900AFD33B /* Project object */;
}
