// !$*UTF8*$!
{
	archiveVersion = 1;
	classes = {
	};
	objectVersion = 56;
	objects = {

/* Begin PBXBuildFile section */
		5244DE16292931C90055A7BA /* UserLogViewController.swift in Sources */ = {isa = PBXBuildFile; fileRef = 5244DE15292931C90055A7BA /* UserLogViewController.swift */; };
		5244DE182929327A0055A7BA /* UITableView+.swift in Sources */ = {isa = PBXBuildFile; fileRef = 5244DE172929327A0055A7BA /* UITableView+.swift */; };
		5244DE1A292932940055A7BA /* NSObject+.swift in Sources */ = {isa = PBXBuildFile; fileRef = 5244DE19292932940055A7BA /* NSObject+.swift */; };
		5244DE1E292934010055A7BA /* UserLogTableViewCell.swift in Sources */ = {isa = PBXBuildFile; fileRef = 5244DE1D292934010055A7BA /* UserLogTableViewCell.swift */; };
		5244DE21292937210055A7BA /* UserLogRouter.swift in Sources */ = {isa = PBXBuildFile; fileRef = 5244DE20292937210055A7BA /* UserLogRouter.swift */; };
		5244DE24292937510055A7BA /* UserLogRequest.swift in Sources */ = {isa = PBXBuildFile; fileRef = 5244DE23292937510055A7BA /* UserLogRequest.swift */; };
		5244DE262929375A0055A7BA /* UserLogResponse.swift in Sources */ = {isa = PBXBuildFile; fileRef = 5244DE252929375A0055A7BA /* UserLogResponse.swift */; };
		5244DE29292938050055A7BA /* MyProfileViewController.swift in Sources */ = {isa = PBXBuildFile; fileRef = 5244DE28292938050055A7BA /* MyProfileViewController.swift */; };
		5244DE30292938810055A7BA /* ReviewViewController.swift in Sources */ = {isa = PBXBuildFile; fileRef = 5244DE2F292938810055A7BA /* ReviewViewController.swift */; };
		5244DE32292938890055A7BA /* MyGrameViewController.swift in Sources */ = {isa = PBXBuildFile; fileRef = 5244DE31292938890055A7BA /* MyGrameViewController.swift */; };
		5244DE34292938930055A7BA /* LoginViewController.swift in Sources */ = {isa = PBXBuildFile; fileRef = 5244DE33292938930055A7BA /* LoginViewController.swift */; };
		5244DE3E2929393D0055A7BA /* MyProfileRouter.swift in Sources */ = {isa = PBXBuildFile; fileRef = 5244DE3D2929393D0055A7BA /* MyProfileRouter.swift */; };
		5244DE40292939490055A7BA /* LoginRouter.swift in Sources */ = {isa = PBXBuildFile; fileRef = 5244DE3F292939490055A7BA /* LoginRouter.swift */; };
		5244DE42292939510055A7BA /* MyGraMeRouter.swift in Sources */ = {isa = PBXBuildFile; fileRef = 5244DE41292939510055A7BA /* MyGraMeRouter.swift */; };
		5244DE44292939570055A7BA /* ReviewRouter.swift in Sources */ = {isa = PBXBuildFile; fileRef = 5244DE43292939570055A7BA /* ReviewRouter.swift */; };
		5244DE46292939A50055A7BA /* LoginRequest.swift in Sources */ = {isa = PBXBuildFile; fileRef = 5244DE45292939A50055A7BA /* LoginRequest.swift */; };
		5244DE48292939B10055A7BA /* LoginResponse.swift in Sources */ = {isa = PBXBuildFile; fileRef = 5244DE47292939B10055A7BA /* LoginResponse.swift */; };
		5244DE4A292939BC0055A7BA /* MyProfileRequest.swift in Sources */ = {isa = PBXBuildFile; fileRef = 5244DE49292939BC0055A7BA /* MyProfileRequest.swift */; };
		5244DE4C292939C30055A7BA /* MyProfileResponse.swift in Sources */ = {isa = PBXBuildFile; fileRef = 5244DE4B292939C30055A7BA /* MyProfileResponse.swift */; };
		5244DE4E292939D00055A7BA /* MyGraMeRequest.swift in Sources */ = {isa = PBXBuildFile; fileRef = 5244DE4D292939D00055A7BA /* MyGraMeRequest.swift */; };
		5244DE50292939D70055A7BA /* MyGraMeResponse.swift in Sources */ = {isa = PBXBuildFile; fileRef = 5244DE4F292939D70055A7BA /* MyGraMeResponse.swift */; };
		5244DE52292939E10055A7BA /* ReviewRequest.swift in Sources */ = {isa = PBXBuildFile; fileRef = 5244DE51292939E10055A7BA /* ReviewRequest.swift */; };
		5244DE54292939EC0055A7BA /* ReviewResponse.swift in Sources */ = {isa = PBXBuildFile; fileRef = 5244DE53292939EC0055A7BA /* ReviewResponse.swift */; };
		5244DE56292945F90055A7BA /* (null) in Sources */ = {isa = PBXBuildFile; };
		5244DE5829294F9E0055A7BA /* UserLogTableViewHeaderView.swift in Sources */ = {isa = PBXBuildFile; fileRef = 5244DE5729294F9E0055A7BA /* UserLogTableViewHeaderView.swift */; };
		DD9E1C3329293EF40042298F /* UIColor+.swift in Sources */ = {isa = PBXBuildFile; fileRef = DD9E1C3229293EF40042298F /* UIColor+.swift */; };
		DDA819C829275E5900AFD33B /* AppDelegate.swift in Sources */ = {isa = PBXBuildFile; fileRef = DDA819C729275E5900AFD33B /* AppDelegate.swift */; };
		DDA819CA29275E5900AFD33B /* SceneDelegate.swift in Sources */ = {isa = PBXBuildFile; fileRef = DDA819C929275E5900AFD33B /* SceneDelegate.swift */; };
		DDA819D129275E5A00AFD33B /* Assets.xcassets in Resources */ = {isa = PBXBuildFile; fileRef = DDA819D029275E5A00AFD33B /* Assets.xcassets */; };
		DDA819D429275E5A00AFD33B /* LaunchScreen.storyboard in Resources */ = {isa = PBXBuildFile; fileRef = DDA819D229275E5A00AFD33B /* LaunchScreen.storyboard */; };
		DDA819E129275EA400AFD33B /* Colors.xcassets in Resources */ = {isa = PBXBuildFile; fileRef = DDA819E029275EA400AFD33B /* Colors.xcassets */; };
		DDA819E929275F3200AFD33B /* Const.swift in Sources */ = {isa = PBXBuildFile; fileRef = DDA819E829275F3200AFD33B /* Const.swift */; };
		DDA819EB29275F3A00AFD33B /* ViewController.swift in Sources */ = {isa = PBXBuildFile; fileRef = DDA819EA29275F3A00AFD33B /* ViewController.swift */; };
		DDA819ED29275F4200AFD33B /* Identifier.swift in Sources */ = {isa = PBXBuildFile; fileRef = DDA819EC29275F4200AFD33B /* Identifier.swift */; };
		DDA819EF29275F4900AFD33B /* Image.swift in Sources */ = {isa = PBXBuildFile; fileRef = DDA819EE29275F4900AFD33B /* Image.swift */; };
		DDA819F129275F5500AFD33B /* UIImageView+.swift in Sources */ = {isa = PBXBuildFile; fileRef = DDA819F029275F5500AFD33B /* UIImageView+.swift */; };
		DDA819F329275F5A00AFD33B /* UIImage+.swift in Sources */ = {isa = PBXBuildFile; fileRef = DDA819F229275F5A00AFD33B /* UIImage+.swift */; };
		DDA819F529275F6400AFD33B /* UILabel+.swift in Sources */ = {isa = PBXBuildFile; fileRef = DDA819F429275F6400AFD33B /* UILabel+.swift */; };
		DDA819F729275F6D00AFD33B /* UIFont+.swift in Sources */ = {isa = PBXBuildFile; fileRef = DDA819F629275F6D00AFD33B /* UIFont+.swift */; };
		DDA81A12292760EA00AFD33B /* NetworkResult.swift in Sources */ = {isa = PBXBuildFile; fileRef = DDA81A11292760EA00AFD33B /* NetworkResult.swift */; };
		DDA81A14292760F500AFD33B /* BaseTargetType.swift in Sources */ = {isa = PBXBuildFile; fileRef = DDA81A13292760F500AFD33B /* BaseTargetType.swift */; };
		DDA81A16292760FC00AFD33B /* URLConstant.swift in Sources */ = {isa = PBXBuildFile; fileRef = DDA81A15292760FC00AFD33B /* URLConstant.swift */; };
		DDA81A182927610400AFD33B /* MoyaLoggingPlugin.swift in Sources */ = {isa = PBXBuildFile; fileRef = DDA81A172927610400AFD33B /* MoyaLoggingPlugin.swift */; };
		DDA81A1A2927610E00AFD33B /* NetworkBase.swift in Sources */ = {isa = PBXBuildFile; fileRef = DDA81A192927610E00AFD33B /* NetworkBase.swift */; };
		DDA81A1C292761B500AFD33B /* GeneralResponse.swift in Sources */ = {isa = PBXBuildFile; fileRef = DDA81A1B292761B500AFD33B /* GeneralResponse.swift */; };
		DDA81A1E292761BD00AFD33B /* NetworkConstant.swift in Sources */ = {isa = PBXBuildFile; fileRef = DDA81A1D292761BD00AFD33B /* NetworkConstant.swift */; };
		DDA81A20292761C900AFD33B /* StatusHandler.swift in Sources */ = {isa = PBXBuildFile; fileRef = DDA81A1F292761C900AFD33B /* StatusHandler.swift */; };
		DDA81A22292761D900AFD33B /* StatusCase.swift in Sources */ = {isa = PBXBuildFile; fileRef = DDA81A21292761D900AFD33B /* StatusCase.swift */; };
		DDA81A25292762D700AFD33B /* Moya in Frameworks */ = {isa = PBXBuildFile; productRef = DDA81A24292762D700AFD33B /* Moya */; };
		DDA81A28292762E600AFD33B /* SnapKit in Frameworks */ = {isa = PBXBuildFile; productRef = DDA81A27292762E600AFD33B /* SnapKit */; };
		DDA81A2B292762F300AFD33B /* Then in Frameworks */ = {isa = PBXBuildFile; productRef = DDA81A2A292762F300AFD33B /* Then */; };
		DDA81A2E292762FF00AFD33B /* SwiftyColor in Frameworks */ = {isa = PBXBuildFile; productRef = DDA81A2D292762FF00AFD33B /* SwiftyColor */; };
		DDA81A312927633800AFD33B /* Kingfisher in Frameworks */ = {isa = PBXBuildFile; productRef = DDA81A302927633800AFD33B /* Kingfisher */; };
		E79B6DF729276C6D00789BBB /* AppTabBarController.swift in Sources */ = {isa = PBXBuildFile; fileRef = E79B6DF629276C6D00789BBB /* AppTabBarController.swift */; };
		E79B6DF929276D2300789BBB /* BaseNavigationController.swift in Sources */ = {isa = PBXBuildFile; fileRef = E79B6DF829276D2300789BBB /* BaseNavigationController.swift */; };
/* End PBXBuildFile section */

/* Begin PBXFileReference section */
		5244DE15292931C90055A7BA /* UserLogViewController.swift */ = {isa = PBXFileReference; lastKnownFileType = sourcecode.swift; path = UserLogViewController.swift; sourceTree = "<group>"; };
		5244DE172929327A0055A7BA /* UITableView+.swift */ = {isa = PBXFileReference; lastKnownFileType = sourcecode.swift; path = "UITableView+.swift"; sourceTree = "<group>"; };
		5244DE19292932940055A7BA /* NSObject+.swift */ = {isa = PBXFileReference; lastKnownFileType = sourcecode.swift; path = "NSObject+.swift"; sourceTree = "<group>"; };
		5244DE1D292934010055A7BA /* UserLogTableViewCell.swift */ = {isa = PBXFileReference; lastKnownFileType = sourcecode.swift; path = UserLogTableViewCell.swift; sourceTree = "<group>"; };
		5244DE20292937210055A7BA /* UserLogRouter.swift */ = {isa = PBXFileReference; lastKnownFileType = sourcecode.swift; path = UserLogRouter.swift; sourceTree = "<group>"; };
		5244DE23292937510055A7BA /* UserLogRequest.swift */ = {isa = PBXFileReference; lastKnownFileType = sourcecode.swift; path = UserLogRequest.swift; sourceTree = "<group>"; };
		5244DE252929375A0055A7BA /* UserLogResponse.swift */ = {isa = PBXFileReference; lastKnownFileType = sourcecode.swift; path = UserLogResponse.swift; sourceTree = "<group>"; };
		5244DE28292938050055A7BA /* MyProfileViewController.swift */ = {isa = PBXFileReference; lastKnownFileType = sourcecode.swift; path = MyProfileViewController.swift; sourceTree = "<group>"; };
		5244DE2F292938810055A7BA /* ReviewViewController.swift */ = {isa = PBXFileReference; lastKnownFileType = sourcecode.swift; path = ReviewViewController.swift; sourceTree = "<group>"; };
		5244DE31292938890055A7BA /* MyGrameViewController.swift */ = {isa = PBXFileReference; lastKnownFileType = sourcecode.swift; path = MyGrameViewController.swift; sourceTree = "<group>"; };
		5244DE33292938930055A7BA /* LoginViewController.swift */ = {isa = PBXFileReference; lastKnownFileType = sourcecode.swift; path = LoginViewController.swift; sourceTree = "<group>"; };
		5244DE3D2929393D0055A7BA /* MyProfileRouter.swift */ = {isa = PBXFileReference; lastKnownFileType = sourcecode.swift; path = MyProfileRouter.swift; sourceTree = "<group>"; };
		5244DE3F292939490055A7BA /* LoginRouter.swift */ = {isa = PBXFileReference; lastKnownFileType = sourcecode.swift; path = LoginRouter.swift; sourceTree = "<group>"; };
		5244DE41292939510055A7BA /* MyGraMeRouter.swift */ = {isa = PBXFileReference; lastKnownFileType = sourcecode.swift; path = MyGraMeRouter.swift; sourceTree = "<group>"; };
		5244DE43292939570055A7BA /* ReviewRouter.swift */ = {isa = PBXFileReference; lastKnownFileType = sourcecode.swift; path = ReviewRouter.swift; sourceTree = "<group>"; };
		5244DE45292939A50055A7BA /* LoginRequest.swift */ = {isa = PBXFileReference; lastKnownFileType = sourcecode.swift; path = LoginRequest.swift; sourceTree = "<group>"; };
		5244DE47292939B10055A7BA /* LoginResponse.swift */ = {isa = PBXFileReference; lastKnownFileType = sourcecode.swift; path = LoginResponse.swift; sourceTree = "<group>"; };
		5244DE49292939BC0055A7BA /* MyProfileRequest.swift */ = {isa = PBXFileReference; lastKnownFileType = sourcecode.swift; path = MyProfileRequest.swift; sourceTree = "<group>"; };
		5244DE4B292939C30055A7BA /* MyProfileResponse.swift */ = {isa = PBXFileReference; lastKnownFileType = sourcecode.swift; path = MyProfileResponse.swift; sourceTree = "<group>"; };
		5244DE4D292939D00055A7BA /* MyGraMeRequest.swift */ = {isa = PBXFileReference; lastKnownFileType = sourcecode.swift; path = MyGraMeRequest.swift; sourceTree = "<group>"; };
		5244DE4F292939D70055A7BA /* MyGraMeResponse.swift */ = {isa = PBXFileReference; lastKnownFileType = sourcecode.swift; path = MyGraMeResponse.swift; sourceTree = "<group>"; };
		5244DE51292939E10055A7BA /* ReviewRequest.swift */ = {isa = PBXFileReference; lastKnownFileType = sourcecode.swift; path = ReviewRequest.swift; sourceTree = "<group>"; };
		5244DE53292939EC0055A7BA /* ReviewResponse.swift */ = {isa = PBXFileReference; lastKnownFileType = sourcecode.swift; path = ReviewResponse.swift; sourceTree = "<group>"; };
		5244DE5729294F9E0055A7BA /* UserLogTableViewHeaderView.swift */ = {isa = PBXFileReference; lastKnownFileType = sourcecode.swift; path = UserLogTableViewHeaderView.swift; sourceTree = "<group>"; };
		DD9E1C3229293EF40042298F /* UIColor+.swift */ = {isa = PBXFileReference; lastKnownFileType = sourcecode.swift; path = "UIColor+.swift"; sourceTree = "<group>"; };
		DDA819C429275E5900AFD33B /* THUNDER-ELEVEN-iOS.app */ = {isa = PBXFileReference; explicitFileType = wrapper.application; includeInIndex = 0; path = "THUNDER-ELEVEN-iOS.app"; sourceTree = BUILT_PRODUCTS_DIR; };
		DDA819C729275E5900AFD33B /* AppDelegate.swift */ = {isa = PBXFileReference; lastKnownFileType = sourcecode.swift; path = AppDelegate.swift; sourceTree = "<group>"; };
		DDA819C929275E5900AFD33B /* SceneDelegate.swift */ = {isa = PBXFileReference; lastKnownFileType = sourcecode.swift; path = SceneDelegate.swift; sourceTree = "<group>"; };
		DDA819D029275E5A00AFD33B /* Assets.xcassets */ = {isa = PBXFileReference; lastKnownFileType = folder.assetcatalog; path = Assets.xcassets; sourceTree = "<group>"; };
		DDA819D329275E5A00AFD33B /* Base */ = {isa = PBXFileReference; lastKnownFileType = file.storyboard; name = Base; path = Base.lproj/LaunchScreen.storyboard; sourceTree = "<group>"; };
		DDA819D529275E5A00AFD33B /* Info.plist */ = {isa = PBXFileReference; lastKnownFileType = text.plist.xml; path = Info.plist; sourceTree = "<group>"; };
		DDA819E029275EA400AFD33B /* Colors.xcassets */ = {isa = PBXFileReference; lastKnownFileType = folder.assetcatalog; path = Colors.xcassets; sourceTree = "<group>"; };
		DDA819E829275F3200AFD33B /* Const.swift */ = {isa = PBXFileReference; lastKnownFileType = sourcecode.swift; path = Const.swift; sourceTree = "<group>"; };
		DDA819EA29275F3A00AFD33B /* ViewController.swift */ = {isa = PBXFileReference; lastKnownFileType = sourcecode.swift; path = ViewController.swift; sourceTree = "<group>"; };
		DDA819EC29275F4200AFD33B /* Identifier.swift */ = {isa = PBXFileReference; lastKnownFileType = sourcecode.swift; path = Identifier.swift; sourceTree = "<group>"; };
		DDA819EE29275F4900AFD33B /* Image.swift */ = {isa = PBXFileReference; lastKnownFileType = sourcecode.swift; path = Image.swift; sourceTree = "<group>"; };
		DDA819F029275F5500AFD33B /* UIImageView+.swift */ = {isa = PBXFileReference; lastKnownFileType = sourcecode.swift; path = "UIImageView+.swift"; sourceTree = "<group>"; };
		DDA819F229275F5A00AFD33B /* UIImage+.swift */ = {isa = PBXFileReference; lastKnownFileType = sourcecode.swift; path = "UIImage+.swift"; sourceTree = "<group>"; };
		DDA819F429275F6400AFD33B /* UILabel+.swift */ = {isa = PBXFileReference; lastKnownFileType = sourcecode.swift; path = "UILabel+.swift"; sourceTree = "<group>"; };
		DDA819F629275F6D00AFD33B /* UIFont+.swift */ = {isa = PBXFileReference; lastKnownFileType = sourcecode.swift; path = "UIFont+.swift"; sourceTree = "<group>"; };
		DDA81A11292760EA00AFD33B /* NetworkResult.swift */ = {isa = PBXFileReference; lastKnownFileType = sourcecode.swift; path = NetworkResult.swift; sourceTree = "<group>"; };
		DDA81A13292760F500AFD33B /* BaseTargetType.swift */ = {isa = PBXFileReference; lastKnownFileType = sourcecode.swift; path = BaseTargetType.swift; sourceTree = "<group>"; };
		DDA81A15292760FC00AFD33B /* URLConstant.swift */ = {isa = PBXFileReference; lastKnownFileType = sourcecode.swift; path = URLConstant.swift; sourceTree = "<group>"; };
		DDA81A172927610400AFD33B /* MoyaLoggingPlugin.swift */ = {isa = PBXFileReference; lastKnownFileType = sourcecode.swift; path = MoyaLoggingPlugin.swift; sourceTree = "<group>"; };
		DDA81A192927610E00AFD33B /* NetworkBase.swift */ = {isa = PBXFileReference; lastKnownFileType = sourcecode.swift; path = NetworkBase.swift; sourceTree = "<group>"; };
		DDA81A1B292761B500AFD33B /* GeneralResponse.swift */ = {isa = PBXFileReference; lastKnownFileType = sourcecode.swift; path = GeneralResponse.swift; sourceTree = "<group>"; };
		DDA81A1D292761BD00AFD33B /* NetworkConstant.swift */ = {isa = PBXFileReference; lastKnownFileType = sourcecode.swift; path = NetworkConstant.swift; sourceTree = "<group>"; };
		DDA81A1F292761C900AFD33B /* StatusHandler.swift */ = {isa = PBXFileReference; lastKnownFileType = sourcecode.swift; path = StatusHandler.swift; sourceTree = "<group>"; };
		DDA81A21292761D900AFD33B /* StatusCase.swift */ = {isa = PBXFileReference; lastKnownFileType = sourcecode.swift; path = StatusCase.swift; sourceTree = "<group>"; };
		E79B6DF629276C6D00789BBB /* AppTabBarController.swift */ = {isa = PBXFileReference; lastKnownFileType = sourcecode.swift; path = AppTabBarController.swift; sourceTree = "<group>"; };
		E79B6DF829276D2300789BBB /* BaseNavigationController.swift */ = {isa = PBXFileReference; lastKnownFileType = sourcecode.swift; path = BaseNavigationController.swift; sourceTree = "<group>"; };
/* End PBXFileReference section */

/* Begin PBXFrameworksBuildPhase section */
		DDA819C129275E5900AFD33B /* Frameworks */ = {
			isa = PBXFrameworksBuildPhase;
			buildActionMask = 2147483647;
			files = (
				DDA81A2E292762FF00AFD33B /* SwiftyColor in Frameworks */,
				DDA81A25292762D700AFD33B /* Moya in Frameworks */,
				DDA81A2B292762F300AFD33B /* Then in Frameworks */,
				DDA81A28292762E600AFD33B /* SnapKit in Frameworks */,
				DDA81A312927633800AFD33B /* Kingfisher in Frameworks */,
			);
			runOnlyForDeploymentPostprocessing = 0;
		};
/* End PBXFrameworksBuildPhase section */

/* Begin PBXGroup section */
		5244DE14292931B20055A7BA /* UserLog */ = {
			isa = PBXGroup;
			children = (
				5244DE1C292933D40055A7BA /* View */,
				5244DE1B292933A00055A7BA /* ViewContoller */,
			);
			path = UserLog;
			sourceTree = "<group>";
		};
		5244DE1B292933A00055A7BA /* ViewContoller */ = {
			isa = PBXGroup;
			children = (
				5244DE15292931C90055A7BA /* UserLogViewController.swift */,
			);
			path = ViewContoller;
			sourceTree = "<group>";
		};
		5244DE1C292933D40055A7BA /* View */ = {
			isa = PBXGroup;
			children = (
				5244DE1D292934010055A7BA /* UserLogTableViewCell.swift */,
				5244DE5729294F9E0055A7BA /* UserLogTableViewHeaderView.swift */,
			);
			path = View;
			sourceTree = "<group>";
		};
		5244DE1F292936EA0055A7BA /* UserLog */ = {
			isa = PBXGroup;
			children = (
				5244DE20292937210055A7BA /* UserLogRouter.swift */,
			);
			path = UserLog;
			sourceTree = "<group>";
		};
		5244DE22292937300055A7BA /* UserLog */ = {
			isa = PBXGroup;
			children = (
				5244DE23292937510055A7BA /* UserLogRequest.swift */,
				5244DE252929375A0055A7BA /* UserLogResponse.swift */,
			);
			path = UserLog;
			sourceTree = "<group>";
		};
		5244DE27292937E00055A7BA /* MyProfile */ = {
			isa = PBXGroup;
			children = (
				5244DE28292938050055A7BA /* MyProfileViewController.swift */,
			);
			path = MyProfile;
			sourceTree = "<group>";
		};
		5244DE2A2929380A0055A7BA /* Login */ = {
			isa = PBXGroup;
			children = (
				5244DE33292938930055A7BA /* LoginViewController.swift */,
			);
			path = Login;
			sourceTree = "<group>";
		};
		5244DE2B292938100055A7BA /* MyGraMe */ = {
			isa = PBXGroup;
			children = (
				5244DE31292938890055A7BA /* MyGrameViewController.swift */,
			);
			path = MyGraMe;
			sourceTree = "<group>";
		};
		5244DE2D2929382B0055A7BA /* Review */ = {
			isa = PBXGroup;
			children = (
				5244DE2F292938810055A7BA /* ReviewViewController.swift */,
			);
			path = Review;
			sourceTree = "<group>";
		};
		5244DE35292938B90055A7BA /* Review */ = {
			isa = PBXGroup;
			children = (
				5244DE51292939E10055A7BA /* ReviewRequest.swift */,
				5244DE53292939EC0055A7BA /* ReviewResponse.swift */,
			);
			path = Review;
			sourceTree = "<group>";
		};
		5244DE36292938BE0055A7BA /* MyGraMe */ = {
			isa = PBXGroup;
			children = (
				5244DE4D292939D00055A7BA /* MyGraMeRequest.swift */,
				5244DE4F292939D70055A7BA /* MyGraMeResponse.swift */,
			);
			path = MyGraMe;
			sourceTree = "<group>";
		};
		5244DE37292938C10055A7BA /* Login */ = {
			isa = PBXGroup;
			children = (
				5244DE45292939A50055A7BA /* LoginRequest.swift */,
				5244DE47292939B10055A7BA /* LoginResponse.swift */,
			);
			path = Login;
			sourceTree = "<group>";
		};
		5244DE38292938D60055A7BA /* MyProfile */ = {
			isa = PBXGroup;
			children = (
				5244DE49292939BC0055A7BA /* MyProfileRequest.swift */,
				5244DE4B292939C30055A7BA /* MyProfileResponse.swift */,
			);
			path = MyProfile;
			sourceTree = "<group>";
		};
		5244DE39292938FC0055A7BA /* Review */ = {
			isa = PBXGroup;
			children = (
				5244DE43292939570055A7BA /* ReviewRouter.swift */,
			);
			path = Review;
			sourceTree = "<group>";
		};
		5244DE3A2929390C0055A7BA /* MyGraMe */ = {
			isa = PBXGroup;
			children = (
				5244DE41292939510055A7BA /* MyGraMeRouter.swift */,
			);
			path = MyGraMe;
			sourceTree = "<group>";
		};
		5244DE3B2929391B0055A7BA /* Login */ = {
			isa = PBXGroup;
			children = (
				5244DE3F292939490055A7BA /* LoginRouter.swift */,
			);
			path = Login;
			sourceTree = "<group>";
		};
		5244DE3C292939200055A7BA /* MyProfile */ = {
			isa = PBXGroup;
			children = (
				5244DE3D2929393D0055A7BA /* MyProfileRouter.swift */,
			);
			path = MyProfile;
			sourceTree = "<group>";
		};
		DDA819BB29275E5900AFD33B = {
			isa = PBXGroup;
			children = (
				DDA819C629275E5900AFD33B /* THUNDER-ELEVEN-iOS */,
				DDA819C529275E5900AFD33B /* Products */,
			);
			sourceTree = "<group>";
		};
		DDA819C529275E5900AFD33B /* Products */ = {
			isa = PBXGroup;
			children = (
				DDA819C429275E5900AFD33B /* THUNDER-ELEVEN-iOS.app */,
			);
			name = Products;
			sourceTree = "<group>";
		};
		DDA819C629275E5900AFD33B /* THUNDER-ELEVEN-iOS */ = {
			isa = PBXGroup;
			children = (
				DDA819DC29275E8000AFD33B /* Resource */,
				DDA819DB29275E7700AFD33B /* Source */,
				DDA819D529275E5A00AFD33B /* Info.plist */,
			);
			path = "THUNDER-ELEVEN-iOS";
			sourceTree = "<group>";
		};
		DDA819DB29275E7700AFD33B /* Source */ = {
			isa = PBXGroup;
			children = (
				DDA819E529275EC800AFD33B /* Application */,
				DDA819E429275EC100AFD33B /* Common */,
				DDA819E329275EB600AFD33B /* Presentation */,
				DDA819E229275EAF00AFD33B /* Service */,
			);
			path = Source;
			sourceTree = "<group>";
		};
		DDA819DC29275E8000AFD33B /* Resource */ = {
			isa = PBXGroup;
			children = (
				DDA819DF29275E9400AFD33B /* Assets */,
				DDA819DE29275E8E00AFD33B /* Colors */,
				DDA819DD29275E8500AFD33B /* Storyboards */,
			);
			path = Resource;
			sourceTree = "<group>";
		};
		DDA819DD29275E8500AFD33B /* Storyboards */ = {
			isa = PBXGroup;
			children = (
				DDA819D229275E5A00AFD33B /* LaunchScreen.storyboard */,
			);
			path = Storyboards;
			sourceTree = "<group>";
		};
		DDA819DE29275E8E00AFD33B /* Colors */ = {
			isa = PBXGroup;
			children = (
				DDA819E029275EA400AFD33B /* Colors.xcassets */,
			);
			path = Colors;
			sourceTree = "<group>";
		};
		DDA819DF29275E9400AFD33B /* Assets */ = {
			isa = PBXGroup;
			children = (
				DDA819D029275E5A00AFD33B /* Assets.xcassets */,
			);
			path = Assets;
			sourceTree = "<group>";
		};
		DDA819E229275EAF00AFD33B /* Service */ = {
			isa = PBXGroup;
			children = (
				DDA819FD29275F8B00AFD33B /* Data */,
				DDA819FC29275F8700AFD33B /* Network */,
				DDA819FB29275F8100AFD33B /* NetworkAPI */,
			);
			path = Service;
			sourceTree = "<group>";
		};
		DDA819E329275EB600AFD33B /* Presentation */ = {
			isa = PBXGroup;
			children = (
				5244DE2A2929380A0055A7BA /* Login */,
				5244DE27292937E00055A7BA /* MyProfile */,
				5244DE2B292938100055A7BA /* MyGraMe */,
				5244DE14292931B20055A7BA /* UserLog */,
				5244DE2D2929382B0055A7BA /* Review */,
				E79B6DF629276C6D00789BBB /* AppTabBarController.swift */,
			);
			path = Presentation;
			sourceTree = "<group>";
		};
		DDA819E429275EC100AFD33B /* Common */ = {
			isa = PBXGroup;
			children = (
				DDA819E729275F2900AFD33B /* Consts */,
				DDA819E629275EFD00AFD33B /* Extensions */,
			);
			path = Common;
			sourceTree = "<group>";
		};
		DDA819E529275EC800AFD33B /* Application */ = {
			isa = PBXGroup;
			children = (
				DDA819C729275E5900AFD33B /* AppDelegate.swift */,
				DDA819C929275E5900AFD33B /* SceneDelegate.swift */,
			);
			path = Application;
			sourceTree = "<group>";
		};
		DDA819E629275EFD00AFD33B /* Extensions */ = {
			isa = PBXGroup;
			children = (
				DDA819F029275F5500AFD33B /* UIImageView+.swift */,
				DDA819F229275F5A00AFD33B /* UIImage+.swift */,
				DDA819F429275F6400AFD33B /* UILabel+.swift */,
				DDA819F629275F6D00AFD33B /* UIFont+.swift */,
				E79B6DF829276D2300789BBB /* BaseNavigationController.swift */,
				5244DE172929327A0055A7BA /* UITableView+.swift */,
				5244DE19292932940055A7BA /* NSObject+.swift */,
				DD9E1C3229293EF40042298F /* UIColor+.swift */,
			);
			path = Extensions;
			sourceTree = "<group>";
		};
		DDA819E729275F2900AFD33B /* Consts */ = {
			isa = PBXGroup;
			children = (
				DDA819E829275F3200AFD33B /* Const.swift */,
				DDA819EA29275F3A00AFD33B /* ViewController.swift */,
				DDA819EC29275F4200AFD33B /* Identifier.swift */,
				DDA819EE29275F4900AFD33B /* Image.swift */,
			);
			path = Consts;
			sourceTree = "<group>";
		};
		DDA819FB29275F8100AFD33B /* NetworkAPI */ = {
			isa = PBXGroup;
			children = (
				DDA81A11292760EA00AFD33B /* NetworkResult.swift */,
				DDA81A13292760F500AFD33B /* BaseTargetType.swift */,
				DDA81A15292760FC00AFD33B /* URLConstant.swift */,
				DDA81A172927610400AFD33B /* MoyaLoggingPlugin.swift */,
				DDA81A192927610E00AFD33B /* NetworkBase.swift */,
				DDA81A1B292761B500AFD33B /* GeneralResponse.swift */,
				DDA81A1D292761BD00AFD33B /* NetworkConstant.swift */,
				DDA81A1F292761C900AFD33B /* StatusHandler.swift */,
				DDA81A21292761D900AFD33B /* StatusCase.swift */,
			);
			path = NetworkAPI;
			sourceTree = "<group>";
		};
		DDA819FC29275F8700AFD33B /* Network */ = {
			isa = PBXGroup;
			children = (
				5244DE3C292939200055A7BA /* MyProfile */,
				5244DE3B2929391B0055A7BA /* Login */,
				5244DE3A2929390C0055A7BA /* MyGraMe */,
				5244DE39292938FC0055A7BA /* Review */,
				5244DE1F292936EA0055A7BA /* UserLog */,
			);
			path = Network;
			sourceTree = "<group>";
		};
		DDA819FD29275F8B00AFD33B /* Data */ = {
			isa = PBXGroup;
			children = (
				5244DE37292938C10055A7BA /* Login */,
				5244DE38292938D60055A7BA /* MyProfile */,
				5244DE36292938BE0055A7BA /* MyGraMe */,
				5244DE22292937300055A7BA /* UserLog */,
				5244DE35292938B90055A7BA /* Review */,
			);
			path = Data;
			sourceTree = "<group>";
		};
/* End PBXGroup section */

/* Begin PBXNativeTarget section */
		DDA819C329275E5900AFD33B /* THUNDER-ELEVEN-iOS */ = {
			isa = PBXNativeTarget;
			buildConfigurationList = DDA819D829275E5A00AFD33B /* Build configuration list for PBXNativeTarget "THUNDER-ELEVEN-iOS" */;
			buildPhases = (
				DDA819C029275E5900AFD33B /* Sources */,
				DDA819C129275E5900AFD33B /* Frameworks */,
				DDA819C229275E5900AFD33B /* Resources */,
			);
			buildRules = (
			);
			dependencies = (
			);
			name = "THUNDER-ELEVEN-iOS";
			packageProductDependencies = (
				DDA81A24292762D700AFD33B /* Moya */,
				DDA81A27292762E600AFD33B /* SnapKit */,
				DDA81A2A292762F300AFD33B /* Then */,
				DDA81A2D292762FF00AFD33B /* SwiftyColor */,
				DDA81A302927633800AFD33B /* Kingfisher */,
			);
			productName = "THUNDER-ELEVEN-iOS";
			productReference = DDA819C429275E5900AFD33B /* THUNDER-ELEVEN-iOS.app */;
			productType = "com.apple.product-type.application";
		};
/* End PBXNativeTarget section */

/* Begin PBXProject section */
		DDA819BC29275E5900AFD33B /* Project object */ = {
			isa = PBXProject;
			attributes = {
				BuildIndependentTargetsInParallel = 1;
				LastSwiftUpdateCheck = 1400;
				LastUpgradeCheck = 1400;
				TargetAttributes = {
					DDA819C329275E5900AFD33B = {
						CreatedOnToolsVersion = 14.0.1;
					};
				};
			};
			buildConfigurationList = DDA819BF29275E5900AFD33B /* Build configuration list for PBXProject "THUNDER-ELEVEN-iOS" */;
			compatibilityVersion = "Xcode 14.0";
			developmentRegion = en;
			hasScannedForEncodings = 0;
			knownRegions = (
				en,
				Base,
			);
			mainGroup = DDA819BB29275E5900AFD33B;
			packageReferences = (
				DDA81A23292762D700AFD33B /* XCRemoteSwiftPackageReference "Moya" */,
				DDA81A26292762E600AFD33B /* XCRemoteSwiftPackageReference "SnapKit" */,
				DDA81A29292762F300AFD33B /* XCRemoteSwiftPackageReference "Then" */,
				DDA81A2C292762FF00AFD33B /* XCRemoteSwiftPackageReference "SwiftyColor" */,
				DDA81A2F2927633800AFD33B /* XCRemoteSwiftPackageReference "Kingfisher" */,
			);
			productRefGroup = DDA819C529275E5900AFD33B /* Products */;
			projectDirPath = "";
			projectRoot = "";
			targets = (
				DDA819C329275E5900AFD33B /* THUNDER-ELEVEN-iOS */,
			);
		};
/* End PBXProject section */

/* Begin PBXResourcesBuildPhase section */
		DDA819C229275E5900AFD33B /* Resources */ = {
			isa = PBXResourcesBuildPhase;
			buildActionMask = 2147483647;
			files = (
				DDA819E129275EA400AFD33B /* Colors.xcassets in Resources */,
				DDA819D429275E5A00AFD33B /* LaunchScreen.storyboard in Resources */,
				DDA819D129275E5A00AFD33B /* Assets.xcassets in Resources */,
			);
			runOnlyForDeploymentPostprocessing = 0;
		};
/* End PBXResourcesBuildPhase section */

/* Begin PBXSourcesBuildPhase section */
		DDA819C029275E5900AFD33B /* Sources */ = {
			isa = PBXSourcesBuildPhase;
			buildActionMask = 2147483647;
			files = (
				5244DE42292939510055A7BA /* MyGraMeRouter.swift in Sources */,
				E79B6DF929276D2300789BBB /* BaseNavigationController.swift in Sources */,
				DDA81A20292761C900AFD33B /* StatusHandler.swift in Sources */,
				5244DE5829294F9E0055A7BA /* UserLogTableViewHeaderView.swift in Sources */,
				5244DE30292938810055A7BA /* ReviewViewController.swift in Sources */,
				5244DE52292939E10055A7BA /* ReviewRequest.swift in Sources */,
				5244DE1E292934010055A7BA /* UserLogTableViewCell.swift in Sources */,
				DDA81A1C292761B500AFD33B /* GeneralResponse.swift in Sources */,
				5244DE48292939B10055A7BA /* LoginResponse.swift in Sources */,
				5244DE46292939A50055A7BA /* LoginRequest.swift in Sources */,
				5244DE32292938890055A7BA /* MyGrameViewController.swift in Sources */,
				DDA819F529275F6400AFD33B /* UILabel+.swift in Sources */,
				DDA81A182927610400AFD33B /* MoyaLoggingPlugin.swift in Sources */,
				DDA819C829275E5900AFD33B /* AppDelegate.swift in Sources */,
				DDA819F729275F6D00AFD33B /* UIFont+.swift in Sources */,
				5244DE21292937210055A7BA /* UserLogRouter.swift in Sources */,
				5244DE4A292939BC0055A7BA /* MyProfileRequest.swift in Sources */,
				5244DE40292939490055A7BA /* LoginRouter.swift in Sources */,
				DDA81A12292760EA00AFD33B /* NetworkResult.swift in Sources */,
				5244DE29292938050055A7BA /* MyProfileViewController.swift in Sources */,
				DDA81A22292761D900AFD33B /* StatusCase.swift in Sources */,
				DDA819EF29275F4900AFD33B /* Image.swift in Sources */,
				DDA819F129275F5500AFD33B /* UIImageView+.swift in Sources */,
				DDA819ED29275F4200AFD33B /* Identifier.swift in Sources */,
				DDA819CA29275E5900AFD33B /* SceneDelegate.swift in Sources */,
				5244DE54292939EC0055A7BA /* ReviewResponse.swift in Sources */,
				5244DE262929375A0055A7BA /* UserLogResponse.swift in Sources */,
				5244DE44292939570055A7BA /* ReviewRouter.swift in Sources */,
				5244DE4E292939D00055A7BA /* MyGraMeRequest.swift in Sources */,
				5244DE182929327A0055A7BA /* UITableView+.swift in Sources */,
				5244DE50292939D70055A7BA /* MyGraMeResponse.swift in Sources */,
				5244DE34292938930055A7BA /* LoginViewController.swift in Sources */,
				5244DE3E2929393D0055A7BA /* MyProfileRouter.swift in Sources */,
				DDA81A1A2927610E00AFD33B /* NetworkBase.swift in Sources */,
				DDA81A14292760F500AFD33B /* BaseTargetType.swift in Sources */,
				5244DE16292931C90055A7BA /* UserLogViewController.swift in Sources */,
				5244DE56292945F90055A7BA /* (null) in Sources */,
				E79B6DF729276C6D00789BBB /* AppTabBarController.swift in Sources */,
				5244DE4C292939C30055A7BA /* MyProfileResponse.swift in Sources */,
				5244DE1A292932940055A7BA /* NSObject+.swift in Sources */,
				5244DE24292937510055A7BA /* UserLogRequest.swift in Sources */,
				DDA819F329275F5A00AFD33B /* UIImage+.swift in Sources */,
				DDA81A1E292761BD00AFD33B /* NetworkConstant.swift in Sources */,
				DDA819EB29275F3A00AFD33B /* ViewController.swift in Sources */,
				DDA819E929275F3200AFD33B /* Const.swift in Sources */,
				DDA81A16292760FC00AFD33B /* URLConstant.swift in Sources */,
				DD9E1C3329293EF40042298F /* UIColor+.swift in Sources */,
			);
			runOnlyForDeploymentPostprocessing = 0;
		};
/* End PBXSourcesBuildPhase section */

/* Begin PBXVariantGroup section */
		DDA819D229275E5A00AFD33B /* LaunchScreen.storyboard */ = {
			isa = PBXVariantGroup;
			children = (
				DDA819D329275E5A00AFD33B /* Base */,
			);
			name = LaunchScreen.storyboard;
			sourceTree = "<group>";
		};
/* End PBXVariantGroup section */

/* Begin XCBuildConfiguration section */
		DDA819D629275E5A00AFD33B /* Debug */ = {
			isa = XCBuildConfiguration;
			buildSettings = {
				ALWAYS_SEARCH_USER_PATHS = NO;
				CLANG_ANALYZER_NONNULL = YES;
				CLANG_ANALYZER_NUMBER_OBJECT_CONVERSION = YES_AGGRESSIVE;
				CLANG_CXX_LANGUAGE_STANDARD = "gnu++20";
				CLANG_ENABLE_MODULES = YES;
				CLANG_ENABLE_OBJC_ARC = YES;
				CLANG_ENABLE_OBJC_WEAK = YES;
				CLANG_WARN_BLOCK_CAPTURE_AUTORELEASING = YES;
				CLANG_WARN_BOOL_CONVERSION = YES;
				CLANG_WARN_COMMA = YES;
				CLANG_WARN_CONSTANT_CONVERSION = YES;
				CLANG_WARN_DEPRECATED_OBJC_IMPLEMENTATIONS = YES;
				CLANG_WARN_DIRECT_OBJC_ISA_USAGE = YES_ERROR;
				CLANG_WARN_DOCUMENTATION_COMMENTS = YES;
				CLANG_WARN_EMPTY_BODY = YES;
				CLANG_WARN_ENUM_CONVERSION = YES;
				CLANG_WARN_INFINITE_RECURSION = YES;
				CLANG_WARN_INT_CONVERSION = YES;
				CLANG_WARN_NON_LITERAL_NULL_CONVERSION = YES;
				CLANG_WARN_OBJC_IMPLICIT_RETAIN_SELF = YES;
				CLANG_WARN_OBJC_LITERAL_CONVERSION = YES;
				CLANG_WARN_OBJC_ROOT_CLASS = YES_ERROR;
				CLANG_WARN_QUOTED_INCLUDE_IN_FRAMEWORK_HEADER = YES;
				CLANG_WARN_RANGE_LOOP_ANALYSIS = YES;
				CLANG_WARN_STRICT_PROTOTYPES = YES;
				CLANG_WARN_SUSPICIOUS_MOVE = YES;
				CLANG_WARN_UNGUARDED_AVAILABILITY = YES_AGGRESSIVE;
				CLANG_WARN_UNREACHABLE_CODE = YES;
				CLANG_WARN__DUPLICATE_METHOD_MATCH = YES;
				COPY_PHASE_STRIP = NO;
				DEBUG_INFORMATION_FORMAT = dwarf;
				ENABLE_STRICT_OBJC_MSGSEND = YES;
				ENABLE_TESTABILITY = YES;
				GCC_C_LANGUAGE_STANDARD = gnu11;
				GCC_DYNAMIC_NO_PIC = NO;
				GCC_NO_COMMON_BLOCKS = YES;
				GCC_OPTIMIZATION_LEVEL = 0;
				GCC_PREPROCESSOR_DEFINITIONS = (
					"DEBUG=1",
					"$(inherited)",
				);
				GCC_WARN_64_TO_32_BIT_CONVERSION = YES;
				GCC_WARN_ABOUT_RETURN_TYPE = YES_ERROR;
				GCC_WARN_UNDECLARED_SELECTOR = YES;
				GCC_WARN_UNINITIALIZED_AUTOS = YES_AGGRESSIVE;
				GCC_WARN_UNUSED_FUNCTION = YES;
				GCC_WARN_UNUSED_VARIABLE = YES;
				IPHONEOS_DEPLOYMENT_TARGET = 16.0;
				MTL_ENABLE_DEBUG_INFO = INCLUDE_SOURCE;
				MTL_FAST_MATH = YES;
				ONLY_ACTIVE_ARCH = YES;
				SDKROOT = iphoneos;
				SWIFT_ACTIVE_COMPILATION_CONDITIONS = DEBUG;
				SWIFT_OPTIMIZATION_LEVEL = "-Onone";
			};
			name = Debug;
		};
		DDA819D729275E5A00AFD33B /* Release */ = {
			isa = XCBuildConfiguration;
			buildSettings = {
				ALWAYS_SEARCH_USER_PATHS = NO;
				CLANG_ANALYZER_NONNULL = YES;
				CLANG_ANALYZER_NUMBER_OBJECT_CONVERSION = YES_AGGRESSIVE;
				CLANG_CXX_LANGUAGE_STANDARD = "gnu++20";
				CLANG_ENABLE_MODULES = YES;
				CLANG_ENABLE_OBJC_ARC = YES;
				CLANG_ENABLE_OBJC_WEAK = YES;
				CLANG_WARN_BLOCK_CAPTURE_AUTORELEASING = YES;
				CLANG_WARN_BOOL_CONVERSION = YES;
				CLANG_WARN_COMMA = YES;
				CLANG_WARN_CONSTANT_CONVERSION = YES;
				CLANG_WARN_DEPRECATED_OBJC_IMPLEMENTATIONS = YES;
				CLANG_WARN_DIRECT_OBJC_ISA_USAGE = YES_ERROR;
				CLANG_WARN_DOCUMENTATION_COMMENTS = YES;
				CLANG_WARN_EMPTY_BODY = YES;
				CLANG_WARN_ENUM_CONVERSION = YES;
				CLANG_WARN_INFINITE_RECURSION = YES;
				CLANG_WARN_INT_CONVERSION = YES;
				CLANG_WARN_NON_LITERAL_NULL_CONVERSION = YES;
				CLANG_WARN_OBJC_IMPLICIT_RETAIN_SELF = YES;
				CLANG_WARN_OBJC_LITERAL_CONVERSION = YES;
				CLANG_WARN_OBJC_ROOT_CLASS = YES_ERROR;
				CLANG_WARN_QUOTED_INCLUDE_IN_FRAMEWORK_HEADER = YES;
				CLANG_WARN_RANGE_LOOP_ANALYSIS = YES;
				CLANG_WARN_STRICT_PROTOTYPES = YES;
				CLANG_WARN_SUSPICIOUS_MOVE = YES;
				CLANG_WARN_UNGUARDED_AVAILABILITY = YES_AGGRESSIVE;
				CLANG_WARN_UNREACHABLE_CODE = YES;
				CLANG_WARN__DUPLICATE_METHOD_MATCH = YES;
				COPY_PHASE_STRIP = NO;
				DEBUG_INFORMATION_FORMAT = "dwarf-with-dsym";
				ENABLE_NS_ASSERTIONS = NO;
				ENABLE_STRICT_OBJC_MSGSEND = YES;
				GCC_C_LANGUAGE_STANDARD = gnu11;
				GCC_NO_COMMON_BLOCKS = YES;
				GCC_WARN_64_TO_32_BIT_CONVERSION = YES;
				GCC_WARN_ABOUT_RETURN_TYPE = YES_ERROR;
				GCC_WARN_UNDECLARED_SELECTOR = YES;
				GCC_WARN_UNINITIALIZED_AUTOS = YES_AGGRESSIVE;
				GCC_WARN_UNUSED_FUNCTION = YES;
				GCC_WARN_UNUSED_VARIABLE = YES;
				IPHONEOS_DEPLOYMENT_TARGET = 16.0;
				MTL_ENABLE_DEBUG_INFO = NO;
				MTL_FAST_MATH = YES;
				SDKROOT = iphoneos;
				SWIFT_COMPILATION_MODE = wholemodule;
				SWIFT_OPTIMIZATION_LEVEL = "-O";
				VALIDATE_PRODUCT = YES;
			};
			name = Release;
		};
		DDA819D929275E5A00AFD33B /* Debug */ = {
			isa = XCBuildConfiguration;
			buildSettings = {
				ASSETCATALOG_COMPILER_APPICON_NAME = AppIcon;
				ASSETCATALOG_COMPILER_GLOBAL_ACCENT_COLOR_NAME = AccentColor;
				CODE_SIGN_STYLE = Automatic;
				CURRENT_PROJECT_VERSION = 1;
				DEVELOPMENT_TEAM = Z429BM88YZ;
				GENERATE_INFOPLIST_FILE = YES;
				INFOPLIST_FILE = "THUNDER-ELEVEN-iOS/Info.plist";
				INFOPLIST_KEY_UIApplicationSupportsIndirectInputEvents = YES;
				INFOPLIST_KEY_UILaunchStoryboardName = LaunchScreen;
				INFOPLIST_KEY_UISupportedInterfaceOrientations_iPad = "UIInterfaceOrientationPortrait UIInterfaceOrientationPortraitUpsideDown UIInterfaceOrientationLandscapeLeft UIInterfaceOrientationLandscapeRight";
				INFOPLIST_KEY_UISupportedInterfaceOrientations_iPhone = "UIInterfaceOrientationPortrait UIInterfaceOrientationLandscapeLeft UIInterfaceOrientationLandscapeRight";
				LD_RUNPATH_SEARCH_PATHS = (
					"$(inherited)",
					"@executable_path/Frameworks",
				);
				MARKETING_VERSION = 1.0;
				PRODUCT_BUNDLE_IDENTIFIER = "me.jeongkite.THUNDER-ELEVEN-iOS";
				PRODUCT_NAME = "$(TARGET_NAME)";
				SWIFT_EMIT_LOC_STRINGS = YES;
				SWIFT_VERSION = 5.0;
				TARGETED_DEVICE_FAMILY = "1,2";
			};
			name = Debug;
		};
		DDA819DA29275E5A00AFD33B /* Release */ = {
			isa = XCBuildConfiguration;
			buildSettings = {
				ASSETCATALOG_COMPILER_APPICON_NAME = AppIcon;
				ASSETCATALOG_COMPILER_GLOBAL_ACCENT_COLOR_NAME = AccentColor;
				CODE_SIGN_STYLE = Automatic;
				CURRENT_PROJECT_VERSION = 1;
				DEVELOPMENT_TEAM = Z429BM88YZ;
				GENERATE_INFOPLIST_FILE = YES;
				INFOPLIST_FILE = "THUNDER-ELEVEN-iOS/Info.plist";
				INFOPLIST_KEY_UIApplicationSupportsIndirectInputEvents = YES;
				INFOPLIST_KEY_UILaunchStoryboardName = LaunchScreen;
				INFOPLIST_KEY_UISupportedInterfaceOrientations_iPad = "UIInterfaceOrientationPortrait UIInterfaceOrientationPortraitUpsideDown UIInterfaceOrientationLandscapeLeft UIInterfaceOrientationLandscapeRight";
				INFOPLIST_KEY_UISupportedInterfaceOrientations_iPhone = "UIInterfaceOrientationPortrait UIInterfaceOrientationLandscapeLeft UIInterfaceOrientationLandscapeRight";
				LD_RUNPATH_SEARCH_PATHS = (
					"$(inherited)",
					"@executable_path/Frameworks",
				);
				MARKETING_VERSION = 1.0;
				PRODUCT_BUNDLE_IDENTIFIER = "me.jeongkite.THUNDER-ELEVEN-iOS";
				PRODUCT_NAME = "$(TARGET_NAME)";
				SWIFT_EMIT_LOC_STRINGS = YES;
				SWIFT_VERSION = 5.0;
				TARGETED_DEVICE_FAMILY = "1,2";
			};
			name = Release;
		};
/* End XCBuildConfiguration section */

/* Begin XCConfigurationList section */
		DDA819BF29275E5900AFD33B /* Build configuration list for PBXProject "THUNDER-ELEVEN-iOS" */ = {
			isa = XCConfigurationList;
			buildConfigurations = (
				DDA819D629275E5A00AFD33B /* Debug */,
				DDA819D729275E5A00AFD33B /* Release */,
			);
			defaultConfigurationIsVisible = 0;
			defaultConfigurationName = Release;
		};
		DDA819D829275E5A00AFD33B /* Build configuration list for PBXNativeTarget "THUNDER-ELEVEN-iOS" */ = {
			isa = XCConfigurationList;
			buildConfigurations = (
				DDA819D929275E5A00AFD33B /* Debug */,
				DDA819DA29275E5A00AFD33B /* Release */,
			);
			defaultConfigurationIsVisible = 0;
			defaultConfigurationName = Release;
		};
/* End XCConfigurationList section */

/* Begin XCRemoteSwiftPackageReference section */
		DDA81A23292762D700AFD33B /* XCRemoteSwiftPackageReference "Moya" */ = {
			isa = XCRemoteSwiftPackageReference;
			repositoryURL = "https://github.com/Moya/Moya";
			requirement = {
				kind = upToNextMajorVersion;
				minimumVersion = 15.0.0;
			};
		};
		DDA81A26292762E600AFD33B /* XCRemoteSwiftPackageReference "SnapKit" */ = {
			isa = XCRemoteSwiftPackageReference;
			repositoryURL = "https://github.com/SnapKit/SnapKit";
			requirement = {
				branch = develop;
				kind = branch;
			};
		};
		DDA81A29292762F300AFD33B /* XCRemoteSwiftPackageReference "Then" */ = {
			isa = XCRemoteSwiftPackageReference;
			repositoryURL = "https://github.com/devxoul/Then";
			requirement = {
				branch = master;
				kind = branch;
			};
		};
		DDA81A2C292762FF00AFD33B /* XCRemoteSwiftPackageReference "SwiftyColor" */ = {
			isa = XCRemoteSwiftPackageReference;
			repositoryURL = "https://github.com/devxoul/SwiftyColor";
			requirement = {
				branch = master;
				kind = branch;
			};
		};
		DDA81A2F2927633800AFD33B /* XCRemoteSwiftPackageReference "Kingfisher" */ = {
			isa = XCRemoteSwiftPackageReference;
			repositoryURL = "https://github.com/onevcat/Kingfisher.git";
			requirement = {
				branch = master;
				kind = branch;
			};
		};
/* End XCRemoteSwiftPackageReference section */

/* Begin XCSwiftPackageProductDependency section */
		DDA81A24292762D700AFD33B /* Moya */ = {
			isa = XCSwiftPackageProductDependency;
			package = DDA81A23292762D700AFD33B /* XCRemoteSwiftPackageReference "Moya" */;
			productName = Moya;
		};
		DDA81A27292762E600AFD33B /* SnapKit */ = {
			isa = XCSwiftPackageProductDependency;
			package = DDA81A26292762E600AFD33B /* XCRemoteSwiftPackageReference "SnapKit" */;
			productName = SnapKit;
		};
		DDA81A2A292762F300AFD33B /* Then */ = {
			isa = XCSwiftPackageProductDependency;
			package = DDA81A29292762F300AFD33B /* XCRemoteSwiftPackageReference "Then" */;
			productName = Then;
		};
		DDA81A2D292762FF00AFD33B /* SwiftyColor */ = {
			isa = XCSwiftPackageProductDependency;
			package = DDA81A2C292762FF00AFD33B /* XCRemoteSwiftPackageReference "SwiftyColor" */;
			productName = SwiftyColor;
		};
		DDA81A302927633800AFD33B /* Kingfisher */ = {
			isa = XCSwiftPackageProductDependency;
			package = DDA81A2F2927633800AFD33B /* XCRemoteSwiftPackageReference "Kingfisher" */;
			productName = Kingfisher;
		};
/* End XCSwiftPackageProductDependency section */
	};
	rootObject = DDA819BC29275E5900AFD33B /* Project object */;
}
